
Microsoft Visual Studio Solution File, Format Version 12.00
# Visual Studio Version 17
VisualStudioVersion = 17.11.35222.181
MinimumVisualStudioVersion = 10.0.40219.1
Project("{FAE04EC0-301F-11D3-BF4B-00C04F79EFBC}") = "WebApplication1", "WebApplication1\WebApplication1.csproj", "{E779B603-AE14-4C1F-B276-86609B568FDB}"
EndProject
Global
	GlobalSection(SolutionConfigurationPlatforms) = preSolution
		Debug|Any CPU = Debug|Any CPU
		Release|Any CPU = Release|Any CPU
	EndGlobalSection
	GlobalSection(ProjectConfigurationPlatforms) = postSolution
		{E779B603-AE14-4C1F-B276-86609B568FDB}.Debug|Any CPU.ActiveCfg = Debug|Any CPU
		{E779B603-AE14-4C1F-B276-86609B568FDB}.Debug|Any CPU.Build.0 = Debug|Any CPU
		{E779B603-AE14-4C1F-B276-86609B568FDB}.Release|Any CPU.ActiveCfg = Release|Any CPU
		{E779B603-AE14-4C1F-B276-86609B568FDB}.Release|Any CPU.Build.0 = Release|Any CPU
	EndGlobalSection
	GlobalSection(SolutionProperties) = preSolution
		HideSolutionNode = FALSE
	EndGlobalSection
	GlobalSection(ExtensibilityGlobals) = postSolution
		SolutionGuid = {D95978C2-6E4A-4DB6-A50E-16204A59DB8E}
	EndGlobalSection
EndGlobal
